// !$*UTF8*$!
{
	archiveVersion = 1;
	classes = {
	};
	objectVersion = 50;
	objects = {

/* Begin PBXBuildFile section */
		074980D723D8D8520005A4B3 /* Heap.cpp in Sources */ = {isa = PBXBuildFile; fileRef = 074980D623D8D8520005A4B3 /* Heap.cpp */; };
		0784705923E7027E007F2EA6 /* BinaryTree.cpp in Sources */ = {isa = PBXBuildFile; fileRef = 0784705823E7027E007F2EA6 /* BinaryTree.cpp */; };
		07A672CC23E83219006AE0C7 /* LinkedList.swift in Sources */ = {isa = PBXBuildFile; fileRef = 07A672CB23E83219006AE0C7 /* LinkedList.swift */; };
		07C8C606232F6229005DBA4A /* mainc.swift in Sources */ = {isa = PBXBuildFile; fileRef = 07C8C605232F6229005DBA4A /* mainc.swift */; };
		07C8C60D232F623A005DBA4A /* DoubleStack.swift in Sources */ = {isa = PBXBuildFile; fileRef = 07C8C60C232F623A005DBA4A /* DoubleStack.swift */; };
		07C8C60F232F6360005DBA4A /* Queue.swift in Sources */ = {isa = PBXBuildFile; fileRef = 07C8C60E232F6360005DBA4A /* Queue.swift */; };
		07C8C611232F6881005DBA4A /* QueueArray.swift in Sources */ = {isa = PBXBuildFile; fileRef = 07C8C610232F6881005DBA4A /* QueueArray.swift */; };
/* End PBXBuildFile section */

/* Begin PBXCopyFilesBuildPhase section */
		07C8C600232F6229005DBA4A /* CopyFiles */ = {
			isa = PBXCopyFilesBuildPhase;
			buildActionMask = 2147483647;
			dstPath = /usr/share/man/man1/;
			dstSubfolderSpec = 0;
			files = (
			);
			runOnlyForDeploymentPostprocessing = 1;
		};
/* End PBXCopyFilesBuildPhase section */

/* Begin PBXFileReference section */
		074980D523D8D8520005A4B3 /* Structures-Bridging-Header.h */ = {isa = PBXFileReference; lastKnownFileType = sourcecode.c.h; path = "Structures-Bridging-Header.h"; sourceTree = "<group>"; };
		074980D623D8D8520005A4B3 /* Heap.cpp */ = {isa = PBXFileReference; lastKnownFileType = sourcecode.cpp.cpp; path = Heap.cpp; sourceTree = "<group>"; };
		0784705823E7027E007F2EA6 /* BinaryTree.cpp */ = {isa = PBXFileReference; lastKnownFileType = sourcecode.cpp.cpp; path = BinaryTree.cpp; sourceTree = "<group>"; };
		07A672CB23E83219006AE0C7 /* LinkedList.swift */ = {isa = PBXFileReference; lastKnownFileType = sourcecode.swift; path = LinkedList.swift; sourceTree = "<group>"; };
		07C8C602232F6229005DBA4A /* Structures */ = {isa = PBXFileReference; explicitFileType = "compiled.mach-o.executable"; includeInIndex = 0; path = Structures; sourceTree = BUILT_PRODUCTS_DIR; };
		07C8C605232F6229005DBA4A /* mainc.swift */ = {isa = PBXFileReference; lastKnownFileType = sourcecode.swift; path = mainc.swift; sourceTree = "<group>"; };
		07C8C60C232F623A005DBA4A /* DoubleStack.swift */ = {isa = PBXFileReference; lastKnownFileType = sourcecode.swift; path = DoubleStack.swift; sourceTree = "<group>"; };
		07C8C60E232F6360005DBA4A /* Queue.swift */ = {isa = PBXFileReference; lastKnownFileType = sourcecode.swift; path = Queue.swift; sourceTree = "<group>"; };
		07C8C610232F6881005DBA4A /* QueueArray.swift */ = {isa = PBXFileReference; lastKnownFileType = sourcecode.swift; path = QueueArray.swift; sourceTree = "<group>"; };
/* End PBXFileReference section */

/* Begin PBXFrameworksBuildPhase section */
		07C8C5FF232F6229005DBA4A /* Frameworks */ = {
			isa = PBXFrameworksBuildPhase;
			buildActionMask = 2147483647;
			files = (
			);
			runOnlyForDeploymentPostprocessing = 0;
		};
/* End PBXFrameworksBuildPhase section */

/* Begin PBXGroup section */
		07C8C5F9232F6229005DBA4A = {
			isa = PBXGroup;
			children = (
				07C8C604232F6229005DBA4A /* Structures */,
				07C8C603232F6229005DBA4A /* Products */,
			);
			sourceTree = "<group>";
		};
		07C8C603232F6229005DBA4A /* Products */ = {
			isa = PBXGroup;
			children = (
				07C8C602232F6229005DBA4A /* Structures */,
			);
			name = Products;
			sourceTree = "<group>";
		};
		07C8C604232F6229005DBA4A /* Structures */ = {
			isa = PBXGroup;
			children = (
				07C8C605232F6229005DBA4A /* mainc.swift */,
				07C8C612232F7228005DBA4A /* Queue */,
				074980D623D8D8520005A4B3 /* Heap.cpp */,
				0784705823E7027E007F2EA6 /* BinaryTree.cpp */,
				074980D523D8D8520005A4B3 /* Structures-Bridging-Header.h */,
			);
			path = Structures;
			sourceTree = "<group>";
		};
		07C8C612232F7228005DBA4A /* Queue */ = {
			isa = PBXGroup;
			children = (
				07C8C60E232F6360005DBA4A /* Queue.swift */,
				07A672CB23E83219006AE0C7 /* LinkedList.swift */,
				07C8C610232F6881005DBA4A /* QueueArray.swift */,
				07C8C60C232F623A005DBA4A /* DoubleStack.swift */,
			);
			path = Queue;
			sourceTree = "<group>";
		};
/* End PBXGroup section */

/* Begin PBXNativeTarget section */
		07C8C601232F6229005DBA4A /* Structures */ = {
			isa = PBXNativeTarget;
			buildConfigurationList = 07C8C609232F6229005DBA4A /* Build configuration list for PBXNativeTarget "Structures" */;
			buildPhases = (
				07C8C5FE232F6229005DBA4A /* Sources */,
				07C8C5FF232F6229005DBA4A /* Frameworks */,
				07C8C600232F6229005DBA4A /* CopyFiles */,
			);
			buildRules = (
			);
			dependencies = (
			);
			name = Structures;
			productName = Structures;
			productReference = 07C8C602232F6229005DBA4A /* Structures */;
			productType = "com.apple.product-type.tool";
		};
/* End PBXNativeTarget section */

/* Begin PBXProject section */
		07C8C5FA232F6229005DBA4A /* Project object */ = {
			isa = PBXProject;
			attributes = {
				LastSwiftUpdateCheck = 1030;
				LastUpgradeCheck = 1030;
				ORGANIZATIONNAME = MinKyeongTae;
				TargetAttributes = {
					07C8C601232F6229005DBA4A = {
						CreatedOnToolsVersion = 10.3;
						LastSwiftMigration = 1130;
					};
				};
			};
			buildConfigurationList = 07C8C5FD232F6229005DBA4A /* Build configuration list for PBXProject "Structures" */;
			compatibilityVersion = "Xcode 9.3";
			developmentRegion = en;
			hasScannedForEncodings = 0;
			knownRegions = (
				en,
			);
			mainGroup = 07C8C5F9232F6229005DBA4A;
			productRefGroup = 07C8C603232F6229005DBA4A /* Products */;
			projectDirPath = "";
			projectRoot = "";
			targets = (
				07C8C601232F6229005DBA4A /* Structures */,
			);
		};
/* End PBXProject section */

/* Begin PBXSourcesBuildPhase section */
		07C8C5FE232F6229005DBA4A /* Sources */ = {
			isa = PBXSourcesBuildPhase;
			buildActionMask = 2147483647;
			files = (
				07C8C606232F6229005DBA4A /* mainc.swift in Sources */,
				07C8C60F232F6360005DBA4A /* Queue.swift in Sources */,
				0784705923E7027E007F2EA6 /* BinaryTree.cpp in Sources */,
				07C8C60D232F623A005DBA4A /* DoubleStack.swift in Sources */,
				07C8C611232F6881005DBA4A /* QueueArray.swift in Sources */,
				074980D723D8D8520005A4B3 /* Heap.cpp in Sources */,
				07A672CC23E83219006AE0C7 /* LinkedList.swift in Sources */,
			);
			runOnlyForDeploymentPostprocessing = 0;
		};
/* End PBXSourcesBuildPhase section */

/* Begin XCBuildConfiguration section */
		07C8C607232F6229005DBA4A /* Debug */ = {
			isa = XCBuildConfiguration;
			buildSettings = {
				ALWAYS_SEARCH_USER_PATHS = NO;
				CLANG_ANALYZER_NONNULL = YES;
				CLANG_ANALYZER_NUMBER_OBJECT_CONVERSION = YES_AGGRESSIVE;
				CLANG_CXX_LANGUAGE_STANDARD = "gnu++14";
				CLANG_CXX_LIBRARY = "libc++";
				CLANG_ENABLE_MODULES = YES;
				CLANG_ENABLE_OBJC_ARC = YES;
				CLANG_ENABLE_OBJC_WEAK = YES;
				CLANG_WARN_BLOCK_CAPTURE_AUTORELEASING = YES;
				CLANG_WARN_BOOL_CONVERSION = YES;
				CLANG_WARN_COMMA = YES;
				CLANG_WARN_CONSTANT_CONVERSION = YES;
				CLANG_WARN_DEPRECATED_OBJC_IMPLEMENTATIONS = YES;
				CLANG_WARN_DIRECT_OBJC_ISA_USAGE = YES_ERROR;
				CLANG_WARN_DOCUMENTATION_COMMENTS = YES;
				CLANG_WARN_EMPTY_BODY = YES;
				CLANG_WARN_ENUM_CONVERSION = YES;
				CLANG_WARN_INFINITE_RECURSION = YES;
				CLANG_WARN_INT_CONVERSION = YES;
				CLANG_WARN_NON_LITERAL_NULL_CONVERSION = YES;
				CLANG_WARN_OBJC_IMPLICIT_RETAIN_SELF = YES;
				CLANG_WARN_OBJC_LITERAL_CONVERSION = YES;
				CLANG_WARN_OBJC_ROOT_CLASS = YES_ERROR;
				CLANG_WARN_RANGE_LOOP_ANALYSIS = YES;
				CLANG_WARN_STRICT_PROTOTYPES = YES;
				CLANG_WARN_SUSPICIOUS_MOVE = YES;
				CLANG_WARN_UNGUARDED_AVAILABILITY = YES_AGGRESSIVE;
				CLANG_WARN_UNREACHABLE_CODE = YES;
				CLANG_WARN__DUPLICATE_METHOD_MATCH = YES;
				CODE_SIGN_IDENTITY = "Mac Developer";
				COPY_PHASE_STRIP = NO;
				DEBUG_INFORMATION_FORMAT = dwarf;
				ENABLE_STRICT_OBJC_MSGSEND = YES;
				ENABLE_TESTABILITY = YES;
				GCC_C_LANGUAGE_STANDARD = gnu11;
				GCC_DYNAMIC_NO_PIC = NO;
				GCC_NO_COMMON_BLOCKS = YES;
				GCC_OPTIMIZATION_LEVEL = 0;
				GCC_PREPROCESSOR_DEFINITIONS = (
					"DEBUG=1",
					"$(inherited)",
				);
				GCC_WARN_64_TO_32_BIT_CONVERSION = YES;
				GCC_WARN_ABOUT_RETURN_TYPE = YES_ERROR;
				GCC_WARN_UNDECLARED_SELECTOR = YES;
				GCC_WARN_UNINITIALIZED_AUTOS = YES_AGGRESSIVE;
				GCC_WARN_UNUSED_FUNCTION = YES;
				GCC_WARN_UNUSED_VARIABLE = YES;
				MACOSX_DEPLOYMENT_TARGET = 10.14;
				MTL_ENABLE_DEBUG_INFO = INCLUDE_SOURCE;
				MTL_FAST_MATH = YES;
				ONLY_ACTIVE_ARCH = YES;
				SDKROOT = macosx;
				SWIFT_ACTIVE_COMPILATION_CONDITIONS = DEBUG;
				SWIFT_OPTIMIZATION_LEVEL = "-Onone";
			};
			name = Debug;
		};
		07C8C608232F6229005DBA4A /* Release */ = {
			isa = XCBuildConfiguration;
			buildSettings = {
				ALWAYS_SEARCH_USER_PATHS = NO;
				CLANG_ANALYZER_NONNULL = YES;
				CLANG_ANALYZER_NUMBER_OBJECT_CONVERSION = YES_AGGRESSIVE;
				CLANG_CXX_LANGUAGE_STANDARD = "gnu++14";
				CLANG_CXX_LIBRARY = "libc++";
				CLANG_ENABLE_MODULES = YES;
				CLANG_ENABLE_OBJC_ARC = YES;
				CLANG_ENABLE_OBJC_WEAK = YES;
				CLANG_WARN_BLOCK_CAPTURE_AUTORELEASING = YES;
				CLANG_WARN_BOOL_CONVERSION = YES;
				CLANG_WARN_COMMA = YES;
				CLANG_WARN_CONSTANT_CONVERSION = YES;
				CLANG_WARN_DEPRECATED_OBJC_IMPLEMENTATIONS = YES;
				CLANG_WARN_DIRECT_OBJC_ISA_USAGE = YES_ERROR;
				CLANG_WARN_DOCUMENTATION_COMMENTS = YES;
				CLANG_WARN_EMPTY_BODY = YES;
				CLANG_WARN_ENUM_CONVERSION = YES;
				CLANG_WARN_INFINITE_RECURSION = YES;
				CLANG_WARN_INT_CONVERSION = YES;
				CLANG_WARN_NON_LITERAL_NULL_CONVERSION = YES;
				CLANG_WARN_OBJC_IMPLICIT_RETAIN_SELF = YES;
				CLANG_WARN_OBJC_LITERAL_CONVERSION = YES;
				CLANG_WARN_OBJC_ROOT_CLASS = YES_ERROR;
				CLANG_WARN_RANGE_LOOP_ANALYSIS = YES;
				CLANG_WARN_STRICT_PROTOTYPES = YES;
				CLANG_WARN_SUSPICIOUS_MOVE = YES;
				CLANG_WARN_UNGUARDED_AVAILABILITY = YES_AGGRESSIVE;
				CLANG_WARN_UNREACHABLE_CODE = YES;
				CLANG_WARN__DUPLICATE_METHOD_MATCH = YES;
				CODE_SIGN_IDENTITY = "Mac Developer";
				COPY_PHASE_STRIP = NO;
				DEBUG_INFORMATION_FORMAT = "dwarf-with-dsym";
				ENABLE_NS_ASSERTIONS = NO;
				ENABLE_STRICT_OBJC_MSGSEND = YES;
				GCC_C_LANGUAGE_STANDARD = gnu11;
				GCC_NO_COMMON_BLOCKS = YES;
				GCC_WARN_64_TO_32_BIT_CONVERSION = YES;
				GCC_WARN_ABOUT_RETURN_TYPE = YES_ERROR;
				GCC_WARN_UNDECLARED_SELECTOR = YES;
				GCC_WARN_UNINITIALIZED_AUTOS = YES_AGGRESSIVE;
				GCC_WARN_UNUSED_FUNCTION = YES;
				GCC_WARN_UNUSED_VARIABLE = YES;
				MACOSX_DEPLOYMENT_TARGET = 10.14;
				MTL_ENABLE_DEBUG_INFO = NO;
				MTL_FAST_MATH = YES;
				SDKROOT = macosx;
				SWIFT_COMPILATION_MODE = wholemodule;
				SWIFT_OPTIMIZATION_LEVEL = "-O";
			};
			name = Release;
		};
		07C8C60A232F6229005DBA4A /* Debug */ = {
			isa = XCBuildConfiguration;
			buildSettings = {
				CLANG_ENABLE_MODULES = YES;
				CODE_SIGN_STYLE = Automatic;
				DEVELOPMENT_TEAM = NF9G85TZ2T;
				LD_RUNPATH_SEARCH_PATHS = (
					"$(inherited)",
					"@executable_path/../Frameworks",
					"@loader_path/../Frameworks",
				);
				PRODUCT_NAME = "$(TARGET_NAME)";
				SWIFT_OBJC_BRIDGING_HEADER = "Structures/Structures-Bridging-Header.h";
				SWIFT_OPTIMIZATION_LEVEL = "-Onone";
				SWIFT_VERSION = 5.0;
			};
			name = Debug;
		};
		07C8C60B232F6229005DBA4A /* Release */ = {
			isa = XCBuildConfiguration;
			buildSettings = {
				CLANG_ENABLE_MODULES = YES;
				CODE_SIGN_STYLE = Automatic;
				DEVELOPMENT_TEAM = NF9G85TZ2T;
				LD_RUNPATH_SEARCH_PATHS = (
					"$(inherited)",
					"@executable_path/../Frameworks",
					"@loader_path/../Frameworks",
				);
				PRODUCT_NAME = "$(TARGET_NAME)";
				SWIFT_OBJC_BRIDGING_HEADER = "Structures/Structures-Bridging-Header.h";
				SWIFT_VERSION = 5.0;
			};
			name = Release;
		};
/* End XCBuildConfiguration section */

/* Begin XCConfigurationList section */
		07C8C5FD232F6229005DBA4A /* Build configuration list for PBXProject "Structures" */ = {
			isa = XCConfigurationList;
			buildConfigurations = (
				07C8C607232F6229005DBA4A /* Debug */,
				07C8C608232F6229005DBA4A /* Release */,
			);
			defaultConfigurationIsVisible = 0;
			defaultConfigurationName = Release;
		};
		07C8C609232F6229005DBA4A /* Build configuration list for PBXNativeTarget "Structures" */ = {
			isa = XCConfigurationList;
			buildConfigurations = (
				07C8C60A232F6229005DBA4A /* Debug */,
				07C8C60B232F6229005DBA4A /* Release */,
			);
			defaultConfigurationIsVisible = 0;
			defaultConfigurationName = Release;
		};
/* End XCConfigurationList section */
	};
	rootObject = 07C8C5FA232F6229005DBA4A /* Project object */;
}
